
Microsoft Visual Studio Solution File, Format Version 12.00
# Visual Studio 15
VisualStudioVersion = 15.0.27428.2015
MinimumVisualStudioVersion = 10.0.40219.1
Project("{9A19103F-16F7-4668-BE54-9A1E7A4F7556}") = "TrafikverketMQTT", "TrafikverketMQTT\TrafikverketMQTT.csproj", "{D4CA7411-033E-4D35-A363-D11C5A527388}"
EndProject
Project("{9A19103F-16F7-4668-BE54-9A1E7A4F7556}") = "Trafikverket", "Trafikverket\Trafikverket.csproj", "{CEBF28C6-E914-48F9-B765-84302E72BE40}"
EndProject
Project("{2150E333-8FDC-42A3-9474-1A3956D46DE8}") = "Solution Items", "Solution Items", "{08664324-E275-4878-B1E6-90F6C14D68BF}"
	ProjectSection(SolutionItems) = preProject
		.dockerignore = .dockerignore
		Dockerfile = Dockerfile
		LICENSE = LICENSE
		README.md = README.md
	EndProjectSection
EndProject
Global
	GlobalSection(SolutionConfigurationPlatforms) = preSolution
		Debug|Any CPU = Debug|Any CPU
		Release|Any CPU = Release|Any CPU
	EndGlobalSection
	GlobalSection(ProjectConfigurationPlatforms) = postSolution
		{D4CA7411-033E-4D35-A363-D11C5A527388}.Debug|Any CPU.ActiveCfg = Debug|Any CPU
		{D4CA7411-033E-4D35-A363-D11C5A527388}.Debug|Any CPU.Build.0 = Debug|Any CPU
		{D4CA7411-033E-4D35-A363-D11C5A527388}.Release|Any CPU.ActiveCfg = Release|Any CPU
		{D4CA7411-033E-4D35-A363-D11C5A527388}.Release|Any CPU.Build.0 = Release|Any CPU
		{CEBF28C6-E914-48F9-B765-84302E72BE40}.Debug|Any CPU.ActiveCfg = Debug|Any CPU
		{CEBF28C6-E914-48F9-B765-84302E72BE40}.Debug|Any CPU.Build.0 = Debug|Any CPU
		{CEBF28C6-E914-48F9-B765-84302E72BE40}.Release|Any CPU.ActiveCfg = Release|Any CPU
		{CEBF28C6-E914-48F9-B765-84302E72BE40}.Release|Any CPU.Build.0 = Release|Any CPU
	EndGlobalSection
	GlobalSection(SolutionProperties) = preSolution
		HideSolutionNode = FALSE
	EndGlobalSection
	GlobalSection(ExtensibilityGlobals) = postSolution
		SolutionGuid = {B2E40A73-2C9C-4D6C-BDB8-0C5BB9845EB6}
	EndGlobalSection
EndGlobal
